
Microsoft Visual Studio Solution File, Format Version 12.00
# Visual Studio Version 17
VisualStudioVersion = 17.0.32014.148
MinimumVisualStudioVersion = 10.0.40219.1
Project("{2150E333-8FDC-42A3-9474-1A3956D46DE8}") = "Services", "Services", "{5C135213-B099-45A8-8231-7D0E150B353A}"
EndProject
Project("{2150E333-8FDC-42A3-9474-1A3956D46DE8}") = "Catalog", "Catalog", "{1BDDA8F6-8906-4C00-8D8B-4DD7432987D7}"
EndProject
Project("{FAE04EC0-301F-11D3-BF4B-00C04F79EFBC}") = "Catalog.API", "Services\Catalog\Catalog.API\Catalog.API.csproj", "{6976977C-41DA-4F20-8FDF-8047706FEDF0}"
EndProject
Project("{E53339B2-1760-4266-BCC7-CA923CBCF16C}") = "docker-compose", "docker-compose.dcproj", "{2E9D0C70-7691-4654-B61C-FABFB99D9DFB}"
EndProject
Project("{2150E333-8FDC-42A3-9474-1A3956D46DE8}") = "Basket", "Basket", "{8F073963-EB11-4B00-ACEF-2C2559B24EA5}"
EndProject
Project("{FAE04EC0-301F-11D3-BF4B-00C04F79EFBC}") = "Basket.API", "Services\Basket\Basket.API\Basket.API.csproj", "{3273FF32-F8B8-433D-96F7-CDAB089178CB}"
EndProject
Project("{2150E333-8FDC-42A3-9474-1A3956D46DE8}") = "Discount", "Discount", "{56C122A0-8663-4904-8701-18E2C8D5927C}"
EndProject
Project("{FAE04EC0-301F-11D3-BF4B-00C04F79EFBC}") = "Discount.API", "Services\Discount\Discount.API\Discount.API.csproj", "{64C55AE5-5D8D-4675-8818-BBF0035BE9D8}"
EndProject
Project("{FAE04EC0-301F-11D3-BF4B-00C04F79EFBC}") = "Discount.Grpc", "Services\Discount\Discount.Grpc\Discount.Grpc.csproj", "{62C50196-FEBD-49BC-9EA7-AE7E378D6E30}"
EndProject
Project("{2150E333-8FDC-42A3-9474-1A3956D46DE8}") = "Ordering", "Ordering", "{0BF05319-5BC3-493A-8530-B91D6C60D156}"
EndProject
Project("{FAE04EC0-301F-11D3-BF4B-00C04F79EFBC}") = "Ordering.API", "Services\Ordering\Ordering.API\Ordering.API.csproj", "{2728C1F1-6C0A-4E8D-A0B6-0E73400485BD}"
EndProject
Project("{FAE04EC0-301F-11D3-BF4B-00C04F79EFBC}") = "Ordering.Domain", "Services\Ordering\Ordering.Domain\Ordering.Domain.csproj", "{C7475C8C-D35A-45ED-8EEA-6D9516D240F9}"
EndProject
Project("{FAE04EC0-301F-11D3-BF4B-00C04F79EFBC}") = "Ordering.Application", "Services\Ordering\Ordering.Application\Ordering.Application.csproj", "{5FC61C9F-5E47-4A1D-AA08-D3DACEEC7F5F}"
EndProject
Project("{FAE04EC0-301F-11D3-BF4B-00C04F79EFBC}") = "Ordering.Infrastructure", "Services\Ordering\Ordering.Infrastructure\Ordering.Infrastructure.csproj", "{82A6BEE6-FA56-49F8-A54A-6A287DE5F302}"
EndProject
Project("{2150E333-8FDC-42A3-9474-1A3956D46DE8}") = "BuildingBlocks", "BuildingBlocks", "{6E0F06E5-A65E-4EAE-B953-553BDB0544E5}"
EndProject
Project("{FAE04EC0-301F-11D3-BF4B-00C04F79EFBC}") = "EventBus.Messages", "BuildingBlocks\EventBus.Messages\EventBus.Messages.csproj", "{41D68080-C603-4CE8-AE7F-E6A0A8FB6643}"
EndProject
Global
	GlobalSection(SolutionConfigurationPlatforms) = preSolution
		Debug|Any CPU = Debug|Any CPU
		Release|Any CPU = Release|Any CPU
	EndGlobalSection
	GlobalSection(ProjectConfigurationPlatforms) = postSolution
		{6976977C-41DA-4F20-8FDF-8047706FEDF0}.Debug|Any CPU.ActiveCfg = Debug|Any CPU
		{6976977C-41DA-4F20-8FDF-8047706FEDF0}.Debug|Any CPU.Build.0 = Debug|Any CPU
		{6976977C-41DA-4F20-8FDF-8047706FEDF0}.Release|Any CPU.ActiveCfg = Release|Any CPU
		{6976977C-41DA-4F20-8FDF-8047706FEDF0}.Release|Any CPU.Build.0 = Release|Any CPU
		{2E9D0C70-7691-4654-B61C-FABFB99D9DFB}.Debug|Any CPU.ActiveCfg = Debug|Any CPU
		{2E9D0C70-7691-4654-B61C-FABFB99D9DFB}.Debug|Any CPU.Build.0 = Debug|Any CPU
		{2E9D0C70-7691-4654-B61C-FABFB99D9DFB}.Release|Any CPU.ActiveCfg = Release|Any CPU
		{2E9D0C70-7691-4654-B61C-FABFB99D9DFB}.Release|Any CPU.Build.0 = Release|Any CPU
		{3273FF32-F8B8-433D-96F7-CDAB089178CB}.Debug|Any CPU.ActiveCfg = Debug|Any CPU
		{3273FF32-F8B8-433D-96F7-CDAB089178CB}.Debug|Any CPU.Build.0 = Debug|Any CPU
		{3273FF32-F8B8-433D-96F7-CDAB089178CB}.Release|Any CPU.ActiveCfg = Release|Any CPU
		{3273FF32-F8B8-433D-96F7-CDAB089178CB}.Release|Any CPU.Build.0 = Release|Any CPU
		{64C55AE5-5D8D-4675-8818-BBF0035BE9D8}.Debug|Any CPU.ActiveCfg = Debug|Any CPU
		{64C55AE5-5D8D-4675-8818-BBF0035BE9D8}.Debug|Any CPU.Build.0 = Debug|Any CPU
		{64C55AE5-5D8D-4675-8818-BBF0035BE9D8}.Release|Any CPU.ActiveCfg = Release|Any CPU
		{64C55AE5-5D8D-4675-8818-BBF0035BE9D8}.Release|Any CPU.Build.0 = Release|Any CPU
		{62C50196-FEBD-49BC-9EA7-AE7E378D6E30}.Debug|Any CPU.ActiveCfg = Debug|Any CPU
		{62C50196-FEBD-49BC-9EA7-AE7E378D6E30}.Debug|Any CPU.Build.0 = Debug|Any CPU
		{62C50196-FEBD-49BC-9EA7-AE7E378D6E30}.Release|Any CPU.ActiveCfg = Release|Any CPU
		{62C50196-FEBD-49BC-9EA7-AE7E378D6E30}.Release|Any CPU.Build.0 = Release|Any CPU
		{2728C1F1-6C0A-4E8D-A0B6-0E73400485BD}.Debug|Any CPU.ActiveCfg = Debug|Any CPU
		{2728C1F1-6C0A-4E8D-A0B6-0E73400485BD}.Debug|Any CPU.Build.0 = Debug|Any CPU
		{2728C1F1-6C0A-4E8D-A0B6-0E73400485BD}.Release|Any CPU.ActiveCfg = Release|Any CPU
		{2728C1F1-6C0A-4E8D-A0B6-0E73400485BD}.Release|Any CPU.Build.0 = Release|Any CPU
		{C7475C8C-D35A-45ED-8EEA-6D9516D240F9}.Debug|Any CPU.ActiveCfg = Debug|Any CPU
		{C7475C8C-D35A-45ED-8EEA-6D9516D240F9}.Debug|Any CPU.Build.0 = Debug|Any CPU
		{C7475C8C-D35A-45ED-8EEA-6D9516D240F9}.Release|Any CPU.ActiveCfg = Release|Any CPU
		{C7475C8C-D35A-45ED-8EEA-6D9516D240F9}.Release|Any CPU.Build.0 = Release|Any CPU
		{5FC61C9F-5E47-4A1D-AA08-D3DACEEC7F5F}.Debug|Any CPU.ActiveCfg = Debug|Any CPU
		{5FC61C9F-5E47-4A1D-AA08-D3DACEEC7F5F}.Debug|Any CPU.Build.0 = Debug|Any CPU
		{5FC61C9F-5E47-4A1D-AA08-D3DACEEC7F5F}.Release|Any CPU.ActiveCfg = Release|Any CPU
		{5FC61C9F-5E47-4A1D-AA08-D3DACEEC7F5F}.Release|Any CPU.Build.0 = Release|Any CPU
		{82A6BEE6-FA56-49F8-A54A-6A287DE5F302}.Debug|Any CPU.ActiveCfg = Debug|Any CPU
		{82A6BEE6-FA56-49F8-A54A-6A287DE5F302}.Debug|Any CPU.Build.0 = Debug|Any CPU
		{82A6BEE6-FA56-49F8-A54A-6A287DE5F302}.Release|Any CPU.ActiveCfg = Release|Any CPU
		{82A6BEE6-FA56-49F8-A54A-6A287DE5F302}.Release|Any CPU.Build.0 = Release|Any CPU
		{41D68080-C603-4CE8-AE7F-E6A0A8FB6643}.Debug|Any CPU.ActiveCfg = Debug|Any CPU
		{41D68080-C603-4CE8-AE7F-E6A0A8FB6643}.Debug|Any CPU.Build.0 = Debug|Any CPU
		{41D68080-C603-4CE8-AE7F-E6A0A8FB6643}.Release|Any CPU.ActiveCfg = Release|Any CPU
		{41D68080-C603-4CE8-AE7F-E6A0A8FB6643}.Release|Any CPU.Build.0 = Release|Any CPU
	EndGlobalSection
	GlobalSection(SolutionProperties) = preSolution
		HideSolutionNode = FALSE
	EndGlobalSection
	GlobalSection(NestedProjects) = preSolution
		{1BDDA8F6-8906-4C00-8D8B-4DD7432987D7} = {5C135213-B099-45A8-8231-7D0E150B353A}
		{6976977C-41DA-4F20-8FDF-8047706FEDF0} = {1BDDA8F6-8906-4C00-8D8B-4DD7432987D7}
		{8F073963-EB11-4B00-ACEF-2C2559B24EA5} = {5C135213-B099-45A8-8231-7D0E150B353A}
		{3273FF32-F8B8-433D-96F7-CDAB089178CB} = {8F073963-EB11-4B00-ACEF-2C2559B24EA5}
		{56C122A0-8663-4904-8701-18E2C8D5927C} = {5C135213-B099-45A8-8231-7D0E150B353A}
		{64C55AE5-5D8D-4675-8818-BBF0035BE9D8} = {56C122A0-8663-4904-8701-18E2C8D5927C}
		{62C50196-FEBD-49BC-9EA7-AE7E378D6E30} = {56C122A0-8663-4904-8701-18E2C8D5927C}
		{0BF05319-5BC3-493A-8530-B91D6C60D156} = {5C135213-B099-45A8-8231-7D0E150B353A}
		{2728C1F1-6C0A-4E8D-A0B6-0E73400485BD} = {0BF05319-5BC3-493A-8530-B91D6C60D156}
		{C7475C8C-D35A-45ED-8EEA-6D9516D240F9} = {0BF05319-5BC3-493A-8530-B91D6C60D156}
		{5FC61C9F-5E47-4A1D-AA08-D3DACEEC7F5F} = {0BF05319-5BC3-493A-8530-B91D6C60D156}
		{82A6BEE6-FA56-49F8-A54A-6A287DE5F302} = {0BF05319-5BC3-493A-8530-B91D6C60D156}
		{41D68080-C603-4CE8-AE7F-E6A0A8FB6643} = {6E0F06E5-A65E-4EAE-B953-553BDB0544E5}
	EndGlobalSection
	GlobalSection(ExtensibilityGlobals) = postSolution
		SolutionGuid = {65FE4709-0A8B-4F00-9ABA-92D795C275EA}
	EndGlobalSection
EndGlobal
